
Microsoft Visual Studio Solution File, Format Version 12.00
# Visual Studio 14
VisualStudioVersion = 14.0.24720.0
MinimumVisualStudioVersion = 10.0.40219.1
Project("{8BC9CEB8-8B4A-11D0-8D11-00A0C91BC942}") = "GamesProgramming", "GamesProgramming\GamesProgramming.vcxproj", "{59810F59-1475-4228-BACD-3A839C391573}"
EndProject
Project("{8BC9CEB8-8B4A-11D0-8D11-00A0C91BC942}") = "GameFramework", "GameFramework\GameFramework.vcxproj", "{D4BE8459-3E2E-492A-AE9C-920BCB38CC7E}"
EndProject
Project("{8BC9CEB8-8B4A-11D0-8D11-00A0C91BC942}") = "Ex_Input", "Ex_Input\Ex_Input.vcxproj", "{CDAB3DA5-6541-4D75-8A6C-6156EF8DD527}"
EndProject
Project("{8BC9CEB8-8B4A-11D0-8D11-00A0C91BC942}") = "Ex_Window", "Ex_Window\Ex_Window.vcxproj", "{31A79E8C-E2C2-4FB4-9BCB-2EB4940DCD8C}"
EndProject
Project("{8BC9CEB8-8B4A-11D0-8D11-00A0C91BC942}") = "Ex_Input2", "Ex_Input2\Ex_Input2.vcxproj", "{E6749A11-A63B-4FEC-9072-1ED19BDC79BF}"
EndProject
Project("{8BC9CEB8-8B4A-11D0-8D11-00A0C91BC942}") = "Ex_Time", "Ex_Time\Ex_Time.vcxproj", "{5E2BF28D-40BD-4BFD-B369-D678542BB5D6}"
EndProject
Project("{8BC9CEB8-8B4A-11D0-8D11-00A0C91BC942}") = "Ex_Sprite", "Ex_Sprite\Ex_Sprite.vcxproj", "{16BA223E-680A-4732-9A85-2F94C718EB83}"
EndProject
Project("{8BC9CEB8-8B4A-11D0-8D11-00A0C91BC942}") = "Ex_Input3", "Ex_Input3\Ex_Input3.vcxproj", "{002E0B64-7CE4-4559-94ED-ECA2935BDEFB}"
EndProject
Project("{8BC9CEB8-8B4A-11D0-8D11-00A0C91BC942}") = "Ex_Sprite2", "Ex_Sprite2\Ex_Sprite2.vcxproj", "{FF5831BD-B014-4F20-AF1C-A8A1324D6D51}"
EndProject
Project("{8BC9CEB8-8B4A-11D0-8D11-00A0C91BC942}") = "Ex_AnimatedSprite", "Ex_AnimatedSprite\Ex_AnimatedSprite.vcxproj", "{63B18ACB-1919-42A8-8548-9A60A2C8CF77}"
EndProject
Project("{8BC9CEB8-8B4A-11D0-8D11-00A0C91BC942}") = "Ex_Gravity", "Ex_Gravity\Ex_Gravity.vcxproj", "{A306DD0A-9361-4361-B681-EFBA59AE520C}"
EndProject
Project("{8BC9CEB8-8B4A-11D0-8D11-00A0C91BC942}") = "Ex_Collision", "Ex_Collision\Ex_Collision.vcxproj", "{8E5CD64F-6F98-4D25-97B4-5732DCEDFEDD}"
EndProject
Project("{8BC9CEB8-8B4A-11D0-8D11-00A0C91BC942}") = "Ex_Spawnables", "Ex_Spawnables\Ex_Spawnables.vcxproj", "{BF45864E-BAE4-4ED0-B43B-26DC70451AA3}"
EndProject
Project("{8BC9CEB8-8B4A-11D0-8D11-00A0C91BC942}") = "Ex_Tiles", "Ex_Tiles\Ex_Tiles.vcxproj", "{B8B5FF18-DC46-441F-8A4B-0A7BB971083F}"
EndProject
Project("{8BC9CEB8-8B4A-11D0-8D11-00A0C91BC942}") = "Ex_Enums", "Ex_Enums\Ex_Enums.vcxproj", "{D749B418-5092-430A-914C-2D7A527C6D18}"
EndProject
Project("{8BC9CEB8-8B4A-11D0-8D11-00A0C91BC942}") = "Ex_Audio", "Ex_Audio\Ex_Audio.vcxproj", "{F25211F6-B5BE-45B9-AA64-804B6898DF2A}"
EndProject
Global
	GlobalSection(SolutionConfigurationPlatforms) = preSolution
		Debug|x64 = Debug|x64
		Debug|x86 = Debug|x86
		Release|x64 = Release|x64
		Release|x86 = Release|x86
	EndGlobalSection
	GlobalSection(ProjectConfigurationPlatforms) = postSolution
		{59810F59-1475-4228-BACD-3A839C391573}.Debug|x64.ActiveCfg = Debug|x64
		{59810F59-1475-4228-BACD-3A839C391573}.Debug|x64.Build.0 = Debug|x64
		{59810F59-1475-4228-BACD-3A839C391573}.Debug|x86.ActiveCfg = Debug|Win32
		{59810F59-1475-4228-BACD-3A839C391573}.Debug|x86.Build.0 = Debug|Win32
		{59810F59-1475-4228-BACD-3A839C391573}.Release|x64.ActiveCfg = Release|x64
		{59810F59-1475-4228-BACD-3A839C391573}.Release|x64.Build.0 = Release|x64
		{59810F59-1475-4228-BACD-3A839C391573}.Release|x86.ActiveCfg = Release|Win32
		{59810F59-1475-4228-BACD-3A839C391573}.Release|x86.Build.0 = Release|Win32
		{D4BE8459-3E2E-492A-AE9C-920BCB38CC7E}.Debug|x64.ActiveCfg = Debug|x64
		{D4BE8459-3E2E-492A-AE9C-920BCB38CC7E}.Debug|x64.Build.0 = Debug|x64
		{D4BE8459-3E2E-492A-AE9C-920BCB38CC7E}.Debug|x86.ActiveCfg = Debug|Win32
		{D4BE8459-3E2E-492A-AE9C-920BCB38CC7E}.Debug|x86.Build.0 = Debug|Win32
		{D4BE8459-3E2E-492A-AE9C-920BCB38CC7E}.Release|x64.ActiveCfg = Release|x64
		{D4BE8459-3E2E-492A-AE9C-920BCB38CC7E}.Release|x64.Build.0 = Release|x64
		{D4BE8459-3E2E-492A-AE9C-920BCB38CC7E}.Release|x86.ActiveCfg = Release|Win32
		{D4BE8459-3E2E-492A-AE9C-920BCB38CC7E}.Release|x86.Build.0 = Release|Win32
		{CDAB3DA5-6541-4D75-8A6C-6156EF8DD527}.Debug|x64.ActiveCfg = Debug|x64
		{CDAB3DA5-6541-4D75-8A6C-6156EF8DD527}.Debug|x64.Build.0 = Debug|x64
		{CDAB3DA5-6541-4D75-8A6C-6156EF8DD527}.Debug|x86.ActiveCfg = Debug|Win32
		{CDAB3DA5-6541-4D75-8A6C-6156EF8DD527}.Debug|x86.Build.0 = Debug|Win32
		{CDAB3DA5-6541-4D75-8A6C-6156EF8DD527}.Release|x64.ActiveCfg = Release|x64
		{CDAB3DA5-6541-4D75-8A6C-6156EF8DD527}.Release|x64.Build.0 = Release|x64
		{CDAB3DA5-6541-4D75-8A6C-6156EF8DD527}.Release|x86.ActiveCfg = Release|Win32
		{CDAB3DA5-6541-4D75-8A6C-6156EF8DD527}.Release|x86.Build.0 = Release|Win32
		{31A79E8C-E2C2-4FB4-9BCB-2EB4940DCD8C}.Debug|x64.ActiveCfg = Debug|x64
		{31A79E8C-E2C2-4FB4-9BCB-2EB4940DCD8C}.Debug|x64.Build.0 = Debug|x64
		{31A79E8C-E2C2-4FB4-9BCB-2EB4940DCD8C}.Debug|x86.ActiveCfg = Debug|Win32
		{31A79E8C-E2C2-4FB4-9BCB-2EB4940DCD8C}.Debug|x86.Build.0 = Debug|Win32
		{31A79E8C-E2C2-4FB4-9BCB-2EB4940DCD8C}.Release|x64.ActiveCfg = Release|x64
		{31A79E8C-E2C2-4FB4-9BCB-2EB4940DCD8C}.Release|x64.Build.0 = Release|x64
		{31A79E8C-E2C2-4FB4-9BCB-2EB4940DCD8C}.Release|x86.ActiveCfg = Release|Win32
		{31A79E8C-E2C2-4FB4-9BCB-2EB4940DCD8C}.Release|x86.Build.0 = Release|Win32
		{E6749A11-A63B-4FEC-9072-1ED19BDC79BF}.Debug|x64.ActiveCfg = Debug|x64
		{E6749A11-A63B-4FEC-9072-1ED19BDC79BF}.Debug|x64.Build.0 = Debug|x64
		{E6749A11-A63B-4FEC-9072-1ED19BDC79BF}.Debug|x86.ActiveCfg = Debug|Win32
		{E6749A11-A63B-4FEC-9072-1ED19BDC79BF}.Debug|x86.Build.0 = Debug|Win32
		{E6749A11-A63B-4FEC-9072-1ED19BDC79BF}.Release|x64.ActiveCfg = Release|x64
		{E6749A11-A63B-4FEC-9072-1ED19BDC79BF}.Release|x64.Build.0 = Release|x64
		{E6749A11-A63B-4FEC-9072-1ED19BDC79BF}.Release|x86.ActiveCfg = Release|Win32
		{E6749A11-A63B-4FEC-9072-1ED19BDC79BF}.Release|x86.Build.0 = Release|Win32
		{5E2BF28D-40BD-4BFD-B369-D678542BB5D6}.Debug|x64.ActiveCfg = Debug|x64
		{5E2BF28D-40BD-4BFD-B369-D678542BB5D6}.Debug|x64.Build.0 = Debug|x64
		{5E2BF28D-40BD-4BFD-B369-D678542BB5D6}.Debug|x86.ActiveCfg = Debug|Win32
		{5E2BF28D-40BD-4BFD-B369-D678542BB5D6}.Debug|x86.Build.0 = Debug|Win32
		{5E2BF28D-40BD-4BFD-B369-D678542BB5D6}.Release|x64.ActiveCfg = Release|x64
		{5E2BF28D-40BD-4BFD-B369-D678542BB5D6}.Release|x64.Build.0 = Release|x64
		{5E2BF28D-40BD-4BFD-B369-D678542BB5D6}.Release|x86.ActiveCfg = Release|Win32
		{5E2BF28D-40BD-4BFD-B369-D678542BB5D6}.Release|x86.Build.0 = Release|Win32
		{16BA223E-680A-4732-9A85-2F94C718EB83}.Debug|x64.ActiveCfg = Debug|x64
		{16BA223E-680A-4732-9A85-2F94C718EB83}.Debug|x64.Build.0 = Debug|x64
		{16BA223E-680A-4732-9A85-2F94C718EB83}.Debug|x86.ActiveCfg = Debug|Win32
		{16BA223E-680A-4732-9A85-2F94C718EB83}.Debug|x86.Build.0 = Debug|Win32
		{16BA223E-680A-4732-9A85-2F94C718EB83}.Release|x64.ActiveCfg = Release|x64
		{16BA223E-680A-4732-9A85-2F94C718EB83}.Release|x64.Build.0 = Release|x64
		{16BA223E-680A-4732-9A85-2F94C718EB83}.Release|x86.ActiveCfg = Release|Win32
		{16BA223E-680A-4732-9A85-2F94C718EB83}.Release|x86.Build.0 = Release|Win32
		{002E0B64-7CE4-4559-94ED-ECA2935BDEFB}.Debug|x64.ActiveCfg = Debug|x64
		{002E0B64-7CE4-4559-94ED-ECA2935BDEFB}.Debug|x64.Build.0 = Debug|x64
		{002E0B64-7CE4-4559-94ED-ECA2935BDEFB}.Debug|x86.ActiveCfg = Debug|Win32
		{002E0B64-7CE4-4559-94ED-ECA2935BDEFB}.Debug|x86.Build.0 = Debug|Win32
		{002E0B64-7CE4-4559-94ED-ECA2935BDEFB}.Release|x64.ActiveCfg = Release|x64
		{002E0B64-7CE4-4559-94ED-ECA2935BDEFB}.Release|x64.Build.0 = Release|x64
		{002E0B64-7CE4-4559-94ED-ECA2935BDEFB}.Release|x86.ActiveCfg = Release|Win32
		{002E0B64-7CE4-4559-94ED-ECA2935BDEFB}.Release|x86.Build.0 = Release|Win32
		{FF5831BD-B014-4F20-AF1C-A8A1324D6D51}.Debug|x64.ActiveCfg = Debug|x64
		{FF5831BD-B014-4F20-AF1C-A8A1324D6D51}.Debug|x64.Build.0 = Debug|x64
		{FF5831BD-B014-4F20-AF1C-A8A1324D6D51}.Debug|x86.ActiveCfg = Debug|Win32
		{FF5831BD-B014-4F20-AF1C-A8A1324D6D51}.Debug|x86.Build.0 = Debug|Win32
		{FF5831BD-B014-4F20-AF1C-A8A1324D6D51}.Release|x64.ActiveCfg = Release|x64
		{FF5831BD-B014-4F20-AF1C-A8A1324D6D51}.Release|x64.Build.0 = Release|x64
		{FF5831BD-B014-4F20-AF1C-A8A1324D6D51}.Release|x86.ActiveCfg = Release|Win32
		{FF5831BD-B014-4F20-AF1C-A8A1324D6D51}.Release|x86.Build.0 = Release|Win32
		{63B18ACB-1919-42A8-8548-9A60A2C8CF77}.Debug|x64.ActiveCfg = Debug|x64
		{63B18ACB-1919-42A8-8548-9A60A2C8CF77}.Debug|x64.Build.0 = Debug|x64
		{63B18ACB-1919-42A8-8548-9A60A2C8CF77}.Debug|x86.ActiveCfg = Debug|Win32
		{63B18ACB-1919-42A8-8548-9A60A2C8CF77}.Debug|x86.Build.0 = Debug|Win32
		{63B18ACB-1919-42A8-8548-9A60A2C8CF77}.Release|x64.ActiveCfg = Release|x64
		{63B18ACB-1919-42A8-8548-9A60A2C8CF77}.Release|x64.Build.0 = Release|x64
		{63B18ACB-1919-42A8-8548-9A60A2C8CF77}.Release|x86.ActiveCfg = Release|Win32
		{63B18ACB-1919-42A8-8548-9A60A2C8CF77}.Release|x86.Build.0 = Release|Win32
		{A306DD0A-9361-4361-B681-EFBA59AE520C}.Debug|x64.ActiveCfg = Debug|x64
		{A306DD0A-9361-4361-B681-EFBA59AE520C}.Debug|x64.Build.0 = Debug|x64
		{A306DD0A-9361-4361-B681-EFBA59AE520C}.Debug|x86.ActiveCfg = Debug|Win32
		{A306DD0A-9361-4361-B681-EFBA59AE520C}.Debug|x86.Build.0 = Debug|Win32
		{A306DD0A-9361-4361-B681-EFBA59AE520C}.Release|x64.ActiveCfg = Release|x64
		{A306DD0A-9361-4361-B681-EFBA59AE520C}.Release|x64.Build.0 = Release|x64
		{A306DD0A-9361-4361-B681-EFBA59AE520C}.Release|x86.ActiveCfg = Release|Win32
		{A306DD0A-9361-4361-B681-EFBA59AE520C}.Release|x86.Build.0 = Release|Win32
		{8E5CD64F-6F98-4D25-97B4-5732DCEDFEDD}.Debug|x64.ActiveCfg = Debug|x64
		{8E5CD64F-6F98-4D25-97B4-5732DCEDFEDD}.Debug|x64.Build.0 = Debug|x64
		{8E5CD64F-6F98-4D25-97B4-5732DCEDFEDD}.Debug|x86.ActiveCfg = Debug|Win32
		{8E5CD64F-6F98-4D25-97B4-5732DCEDFEDD}.Debug|x86.Build.0 = Debug|Win32
		{8E5CD64F-6F98-4D25-97B4-5732DCEDFEDD}.Release|x64.ActiveCfg = Release|x64
		{8E5CD64F-6F98-4D25-97B4-5732DCEDFEDD}.Release|x64.Build.0 = Release|x64
		{8E5CD64F-6F98-4D25-97B4-5732DCEDFEDD}.Release|x86.ActiveCfg = Release|Win32
		{8E5CD64F-6F98-4D25-97B4-5732DCEDFEDD}.Release|x86.Build.0 = Release|Win32
		{BF45864E-BAE4-4ED0-B43B-26DC70451AA3}.Debug|x64.ActiveCfg = Debug|x64
		{BF45864E-BAE4-4ED0-B43B-26DC70451AA3}.Debug|x64.Build.0 = Debug|x64
		{BF45864E-BAE4-4ED0-B43B-26DC70451AA3}.Debug|x86.ActiveCfg = Debug|Win32
		{BF45864E-BAE4-4ED0-B43B-26DC70451AA3}.Debug|x86.Build.0 = Debug|Win32
		{BF45864E-BAE4-4ED0-B43B-26DC70451AA3}.Release|x64.ActiveCfg = Release|x64
		{BF45864E-BAE4-4ED0-B43B-26DC70451AA3}.Release|x64.Build.0 = Release|x64
		{BF45864E-BAE4-4ED0-B43B-26DC70451AA3}.Release|x86.ActiveCfg = Release|Win32
		{BF45864E-BAE4-4ED0-B43B-26DC70451AA3}.Release|x86.Build.0 = Release|Win32
		{B8B5FF18-DC46-441F-8A4B-0A7BB971083F}.Debug|x64.ActiveCfg = Debug|x64
		{B8B5FF18-DC46-441F-8A4B-0A7BB971083F}.Debug|x64.Build.0 = Debug|x64
		{B8B5FF18-DC46-441F-8A4B-0A7BB971083F}.Debug|x86.ActiveCfg = Debug|Win32
		{B8B5FF18-DC46-441F-8A4B-0A7BB971083F}.Debug|x86.Build.0 = Debug|Win32
		{B8B5FF18-DC46-441F-8A4B-0A7BB971083F}.Release|x64.ActiveCfg = Release|x64
		{B8B5FF18-DC46-441F-8A4B-0A7BB971083F}.Release|x64.Build.0 = Release|x64
		{B8B5FF18-DC46-441F-8A4B-0A7BB971083F}.Release|x86.ActiveCfg = Release|Win32
		{B8B5FF18-DC46-441F-8A4B-0A7BB971083F}.Release|x86.Build.0 = Release|Win32
		{D749B418-5092-430A-914C-2D7A527C6D18}.Debug|x64.ActiveCfg = Debug|x64
		{D749B418-5092-430A-914C-2D7A527C6D18}.Debug|x64.Build.0 = Debug|x64
		{D749B418-5092-430A-914C-2D7A527C6D18}.Debug|x86.ActiveCfg = Debug|Win32
		{D749B418-5092-430A-914C-2D7A527C6D18}.Debug|x86.Build.0 = Debug|Win32
		{D749B418-5092-430A-914C-2D7A527C6D18}.Release|x64.ActiveCfg = Release|x64
		{D749B418-5092-430A-914C-2D7A527C6D18}.Release|x64.Build.0 = Release|x64
		{D749B418-5092-430A-914C-2D7A527C6D18}.Release|x86.ActiveCfg = Release|Win32
		{D749B418-5092-430A-914C-2D7A527C6D18}.Release|x86.Build.0 = Release|Win32
		{F25211F6-B5BE-45B9-AA64-804B6898DF2A}.Debug|x64.ActiveCfg = Debug|x64
		{F25211F6-B5BE-45B9-AA64-804B6898DF2A}.Debug|x64.Build.0 = Debug|x64
		{F25211F6-B5BE-45B9-AA64-804B6898DF2A}.Debug|x86.ActiveCfg = Debug|Win32
		{F25211F6-B5BE-45B9-AA64-804B6898DF2A}.Debug|x86.Build.0 = Debug|Win32
		{F25211F6-B5BE-45B9-AA64-804B6898DF2A}.Release|x64.ActiveCfg = Release|x64
		{F25211F6-B5BE-45B9-AA64-804B6898DF2A}.Release|x64.Build.0 = Release|x64
		{F25211F6-B5BE-45B9-AA64-804B6898DF2A}.Release|x86.ActiveCfg = Release|Win32
		{F25211F6-B5BE-45B9-AA64-804B6898DF2A}.Release|x86.Build.0 = Release|Win32
	EndGlobalSection
	GlobalSection(SolutionProperties) = preSolution
		HideSolutionNode = FALSE
	EndGlobalSection
EndGlobal
