<?xml version="1.0" encoding="utf-8"?>
<Project ToolsVersion="4.0" xmlns="http://schemas.microsoft.com/developer/msbuild/2003">
  <ItemGroup>
    <Filter Include="Source Files">
      <UniqueIdentifier>{4FC737F1-C7A5-4376-A066-2A32D752A2FF}</UniqueIdentifier>
      <Extensions>cpp;c;cc;cxx;def;odl;idl;hpj;bat;asm;asmx</Extensions>
    </Filter>
    <Filter Include="Header Files">
      <UniqueIdentifier>{93995380-89BD-4b04-88EB-625FBE52EBFB}</UniqueIdentifier>
      <Extensions>h;hh;hpp;hxx;hm;inl;inc;xsd</Extensions>
    </Filter>
    <Filter Include="Source Files\System">
      <UniqueIdentifier>{c91e2792-d2de-49e8-ac8a-27a6563674f0}</UniqueIdentifier>
    </Filter>
    <Filter Include="Header Files\System">
      <UniqueIdentifier>{dd1d1cee-7de0-4faa-b58c-34796517d6d0}</UniqueIdentifier>
    </Filter>
    <Filter Include="Source Files\Audio">
      <UniqueIdentifier>{208bbad0-8864-4810-be40-54f3094b9c1e}</UniqueIdentifier>
    </Filter>
    <Filter Include="Header Files\App">
      <UniqueIdentifier>{260cb200-9fd9-48ad-a20b-66600452bbcb}</UniqueIdentifier>
    </Filter>
    <Filter Include="Source Files\App">
      <UniqueIdentifier>{72892e6e-bb3b-417b-aa9c-62b16dcd5583}</UniqueIdentifier>
    </Filter>
    <Filter Include="Header Files\Client">
      <UniqueIdentifier>{72e46324-3637-4ae9-a625-78b32979b032}</UniqueIdentifier>
    </Filter>
    <Filter Include="Header Files\Server">
      <UniqueIdentifier>{0fc147a1-ea9a-4804-bf8d-d697fa7f819e}</UniqueIdentifier>
    </Filter>
    <Filter Include="Source Files\Client &amp; Server">
      <UniqueIdentifier>{9668db80-1034-4e86-a361-729a04233a3a}</UniqueIdentifier>
    </Filter>
    <Filter Include="Source Files\Client">
      <UniqueIdentifier>{3cdcb971-82bb-4ccc-8983-b3ab38415e61}</UniqueIdentifier>
    </Filter>
    <Filter Include="Source Files\Server">
      <UniqueIdentifier>{1ffcd7f4-3474-4547-8820-c990e90b1160}</UniqueIdentifier>
    </Filter>
    <Filter Include="Header Files\Client &amp; Server">
      <UniqueIdentifier>{88996bb1-75f2-4588-b846-28114b6256dc}</UniqueIdentifier>
    </Filter>
    <Filter Include="Header Files\Server\Game State">
      <UniqueIdentifier>{e56fa06e-f435-4e20-abe2-748f6df6fa94}</UniqueIdentifier>
    </Filter>
    <Filter Include="Header Files\Server\Network State">
      <UniqueIdentifier>{08da6d0d-b583-4b26-920b-dd829cc28790}</UniqueIdentifier>
    </Filter>
    <Filter Include="Header Files\Client\Game State">
      <UniqueIdentifier>{fc0c205f-049d-4cb6-bae1-783d7d2f2c09}</UniqueIdentifier>
    </Filter>
    <Filter Include="Header Files\Client\Network State">
      <UniqueIdentifier>{d333c7d4-a46c-4dbf-9eef-cba128f3a9cb}</UniqueIdentifier>
    </Filter>
    <Filter Include="Header Files\Client\Game State\Prediction">
      <UniqueIdentifier>{23863f21-17c2-4ddf-a244-271dc709aea9}</UniqueIdentifier>
    </Filter>
    <Filter Include="Source Files\Client\Game State">
      <UniqueIdentifier>{308f6050-c4f4-40b2-8dcf-4f01a2511a3f}</UniqueIdentifier>
    </Filter>
    <Filter Include="Source Files\Client\Network State">
      <UniqueIdentifier>{c0cf5248-60e3-44c0-984f-7ba45f56102e}</UniqueIdentifier>
    </Filter>
    <Filter Include="Source Files\Client\Game State\Prediction">
      <UniqueIdentifier>{750ecf6e-570c-4530-bcbe-57d2376def63}</UniqueIdentifier>
    </Filter>
    <Filter Include="Source Files\Server\Game State">
      <UniqueIdentifier>{cdf99517-2fab-4caa-b29b-45ff5eaac3bf}</UniqueIdentifier>
    </Filter>
    <Filter Include="Source Files\Server\Network State">
      <UniqueIdentifier>{6e942a33-7174-4c7c-be13-0e767e4a6790}</UniqueIdentifier>
    </Filter>
  </ItemGroup>
  <ItemGroup>
    <ClCompile Include="AnimatedSprite.cpp">
      <Filter>Source Files\System</Filter>
    </ClCompile>
    <ClCompile Include="Animation.cpp">
      <Filter>Source Files\System</Filter>
    </ClCompile>
    <ClCompile Include="Input.cpp">
      <Filter>Source Files\System</Filter>
    </ClCompile>
    <ClCompile Include="Main.cpp">
      <Filter>Source Files\System</Filter>
    </ClCompile>
    <ClCompile Include="Sprite.cpp">
      <Filter>Source Files\System</Filter>
    </ClCompile>
    <ClCompile Include="Tile.cpp">
      <Filter>Source Files\System</Filter>
    </ClCompile>
    <ClCompile Include="Vector.cpp">
      <Filter>Source Files\System</Filter>
    </ClCompile>
    <ClCompile Include="AudioManager.cpp">
      <Filter>Source Files\Audio</Filter>
    </ClCompile>
    <ClCompile Include="MusicObject.cpp">
      <Filter>Source Files\Audio</Filter>
    </ClCompile>
    <ClCompile Include="Sound.cpp">
      <Filter>Source Files\Audio</Filter>
    </ClCompile>
    <ClCompile Include="Network.cpp">
      <Filter>Source Files\Client &amp; Server</Filter>
    </ClCompile>
    <ClCompile Include="State.cpp">
      <Filter>Source Files\Client &amp; Server</Filter>
    </ClCompile>
    <ClCompile Include="GameState.cpp">
      <Filter>Source Files\Client &amp; Server</Filter>
    </ClCompile>
    <ClCompile Include="MenuState.cpp">
      <Filter>Source Files\App</Filter>
    </ClCompile>
    <ClCompile Include="NetworkSelect.cpp">
      <Filter>Source Files\App</Filter>
    </ClCompile>
    <ClCompile Include="NetworkSelectState.cpp">
      <Filter>Source Files\App</Filter>
    </ClCompile>
    <ClCompile Include="Map.cpp">
      <Filter>Source Files\App</Filter>
    </ClCompile>
    <ClCompile Include="Player.cpp">
      <Filter>Source Files\App</Filter>
    </ClCompile>
    <ClCompile Include="GameClientNetwork.cpp">
      <Filter>Source Files\Client\Game State</Filter>
    </ClCompile>
    <ClCompile Include="GameClientState.cpp">
      <Filter>Source Files\Client\Game State</Filter>
    </ClCompile>
    <ClCompile Include="NetworkClient.cpp">
      <Filter>Source Files\Client\Network State</Filter>
    </ClCompile>
    <ClCompile Include="NetworkClientState.cpp">
      <Filter>Source Files\Client\Network State</Filter>
    </ClCompile>
    <ClCompile Include="GameServerNetwork.cpp">
      <Filter>Source Files\Server\Game State</Filter>
    </ClCompile>
    <ClCompile Include="GameServerState.cpp">
      <Filter>Source Files\Server\Game State</Filter>
    </ClCompile>
    <ClCompile Include="NetworkServer.cpp">
      <Filter>Source Files\Server\Network State</Filter>
    </ClCompile>
    <ClCompile Include="NetworkServerState.cpp">
      <Filter>Source Files\Server\Network State</Filter>
    </ClCompile>
    <ClCompile Include="LinearPrediction.cpp">
      <Filter>Source Files\Client\Game State\Prediction</Filter>
    </ClCompile>
    <ClCompile Include="QuadraticPrediction.cpp">
      <Filter>Source Files\Client\Game State\Prediction</Filter>
    </ClCompile>
    <ClCompile Include="Prediction.cpp">
      <Filter>Source Files\Client\Game State\Prediction</Filter>
    </ClCompile>
    <ClCompile Include="Connection.cpp">
      <Filter>Source Files\Client &amp; Server</Filter>
    </ClCompile>
  </ItemGroup>
  <ItemGroup>
    <ClInclude Include="AnimatedSprite.h">
      <Filter>Header Files\System</Filter>
    </ClInclude>
    <ClInclude Include="Animation.h">
      <Filter>Header Files\System</Filter>
    </ClInclude>
    <ClInclude Include="AudioManager.h">
      <Filter>Header Files\System</Filter>
    </ClInclude>
    <ClInclude Include="Input.h">
      <Filter>Header Files\System</Filter>
    </ClInclude>
    <ClInclude Include="MusicObject.h">
      <Filter>Header Files\System</Filter>
    </ClInclude>
    <ClInclude Include="Sound.h">
      <Filter>Header Files\System</Filter>
    </ClInclude>
    <ClInclude Include="Sprite.h">
      <Filter>Header Files\System</Filter>
    </ClInclude>
    <ClInclude Include="Tile.h">
      <Filter>Header Files\System</Filter>
    </ClInclude>
    <ClInclude Include="Vector.h">
      <Filter>Header Files\System</Filter>
    </ClInclude>
    <ClInclude Include="Player.h">
      <Filter>Header Files\App</Filter>
    </ClInclude>
    <ClInclude Include="Map.h">
      <Filter>Header Files\App</Filter>
    </ClInclude>
    <ClInclude Include="Messages.h">
      <Filter>Header Files\Client &amp; Server</Filter>
    </ClInclude>
    <ClInclude Include="Network.h">
      <Filter>Header Files\Client &amp; Server</Filter>
    </ClInclude>
    <ClInclude Include="GameState.h">
      <Filter>Header Files\Client &amp; Server</Filter>
    </ClInclude>
    <ClInclude Include="State.h">
      <Filter>Header Files\Client &amp; Server</Filter>
    </ClInclude>
    <ClInclude Include="MenuState.h">
      <Filter>Header Files\App</Filter>
    </ClInclude>
    <ClInclude Include="NetworkSelectState.h">
      <Filter>Header Files\App</Filter>
    </ClInclude>
    <ClInclude Include="NetworkSelect.h">
      <Filter>Header Files\App</Filter>
    </ClInclude>
    <ClInclude Include="GameServerNetwork.h">
      <Filter>Header Files\Server\Game State</Filter>
    </ClInclude>
    <ClInclude Include="GameServerState.h">
      <Filter>Header Files\Server\Game State</Filter>
    </ClInclude>
    <ClInclude Include="NetworkServer.h">
      <Filter>Header Files\Server\Network State</Filter>
    </ClInclude>
    <ClInclude Include="NetworkServerState.h">
      <Filter>Header Files\Server\Network State</Filter>
    </ClInclude>
    <ClInclude Include="GameClientNetwork.h">
      <Filter>Header Files\Client\Game State</Filter>
    </ClInclude>
    <ClInclude Include="GameClientState.h">
      <Filter>Header Files\Client\Game State</Filter>
    </ClInclude>
    <ClInclude Include="NetworkClient.h">
      <Filter>Header Files\Client\Network State</Filter>
    </ClInclude>
    <ClInclude Include="NetworkClientState.h">
      <Filter>Header Files\Client\Network State</Filter>
    </ClInclude>
    <ClInclude Include="Prediction.h">
      <Filter>Header Files\Client\Game State\Prediction</Filter>
    </ClInclude>
    <ClInclude Include="QuadraticPrediction.h">
      <Filter>Header Files\Client\Game State\Prediction</Filter>
    </ClInclude>
    <ClInclude Include="LinearPrediction.h">
      <Filter>Header Files\Client\Game State\Prediction</Filter>
    </ClInclude>
    <ClInclude Include="Connection.h">
      <Filter>Header Files\Client &amp; Server</Filter>
    </ClInclude>
  </ItemGroup>
</Project>